
Microsoft Visual Studio Solution File, Format Version 12.00
# Visual Studio 15
VisualStudioVersion = 15.0.27130.0
MinimumVisualStudioVersion = 10.0.40219.1
Project("{FAE04EC0-301F-11D3-BF4B-00C04F79EFBC}") = "CheckerSort", "CheckerSort\CheckerSort.csproj", "{47DF3647-350B-4DAC-85EE-D3C8B8DAAEF7}"
EndProject
Project("{FAE04EC0-301F-11D3-BF4B-00C04F79EFBC}") = "TestApp", "TestApp\TestApp.csproj", "{1873BEDA-BBFB-48C5-94E0-FF0DCDF4243F}"
	ProjectSection(ProjectDependencies) = postProject
		{47DF3647-350B-4DAC-85EE-D3C8B8DAAEF7} = {47DF3647-350B-4DAC-85EE-D3C8B8DAAEF7}
	EndProjectSection
EndProject
Global
	GlobalSection(SolutionConfigurationPlatforms) = preSolution
		Debug|Any CPU = Debug|Any CPU
		Release|Any CPU = Release|Any CPU
	EndGlobalSection
	GlobalSection(ProjectConfigurationPlatforms) = postSolution
		{47DF3647-350B-4DAC-85EE-D3C8B8DAAEF7}.Debug|Any CPU.ActiveCfg = Debug|Any CPU
		{47DF3647-350B-4DAC-85EE-D3C8B8DAAEF7}.Debug|Any CPU.Build.0 = Debug|Any CPU
		{47DF3647-350B-4DAC-85EE-D3C8B8DAAEF7}.Release|Any CPU.ActiveCfg = Release|Any CPU
		{47DF3647-350B-4DAC-85EE-D3C8B8DAAEF7}.Release|Any CPU.Build.0 = Release|Any CPU
		{1873BEDA-BBFB-48C5-94E0-FF0DCDF4243F}.Debug|Any CPU.ActiveCfg = Debug|Any CPU
		{1873BEDA-BBFB-48C5-94E0-FF0DCDF4243F}.Debug|Any CPU.Build.0 = Debug|Any CPU
		{1873BEDA-BBFB-48C5-94E0-FF0DCDF4243F}.Release|Any CPU.ActiveCfg = Release|Any CPU
		{1873BEDA-BBFB-48C5-94E0-FF0DCDF4243F}.Release|Any CPU.Build.0 = Release|Any CPU
	EndGlobalSection
	GlobalSection(SolutionProperties) = preSolution
		HideSolutionNode = FALSE
	EndGlobalSection
	GlobalSection(ExtensibilityGlobals) = postSolution
		SolutionGuid = {2BE1CA91-1165-4430-90B4-B8E2960C19A1}
	EndGlobalSection
EndGlobal
